lockfileVersion: '6.0'

settings:
  autoInstallPeers: true
  excludeLinksFromLockfile: false

dependencies:
  '@aws-sdk/client-sns':
    specifier: ^3.413.0
    version: 3.413.0
  aws-cdk-lib:
    specifier: ^2.88.0
    version: 2.88.0(constructs@10.2.69)
  typescript:
    specifier: ^5.1.6
    version: 5.1.6

packages:

  /@aws-cdk/asset-awscli-v1@2.2.200:
    resolution: {integrity: sha512-Kf5J8DfJK4wZFWT2Myca0lhwke7LwHcHBo+4TvWOGJrFVVKVuuiLCkzPPRBQQVDj0Vtn2NBokZAz8pfMpAqAKg==}
    dev: false

  /@aws-cdk/asset-kubectl-v20@2.1.2:
    resolution: {integrity: sha512-3M2tELJOxQv0apCIiuKQ4pAbncz9GuLwnKFqxifWfe77wuMxyTRPmxssYHs42ePqzap1LT6GDcPygGs+hHstLg==}
    dev: false

  /@aws-cdk/asset-node-proxy-agent-v5@2.0.166:
    resolution: {integrity: sha512-j0xnccpUQHXJKPgCwQcGGNu4lRiC1PptYfdxBIH1L4dRK91iBxtSQHESRQX+yB47oGLaF/WfNN/aF3WXwlhikg==}
    dev: false

  /@aws-crypto/crc32@3.0.0:
    resolution: {integrity: sha512-IzSgsrxUcsrejQbPVilIKy16kAT52EwB6zSaI+M3xxIhKh5+aldEyvI+z6erM7TCLB2BJsFrtHjp6/4/sr+3dA==}
    dependencies:
      '@aws-crypto/util': 3.0.0
      '@aws-sdk/types': 3.413.0
      tslib: 1.14.1
    dev: false

  /@aws-crypto/ie11-detection@3.0.0:
    resolution: {integrity: sha512-341lBBkiY1DfDNKai/wXM3aujNBkXR7tq1URPQDL9wi3AUbI80NR74uF1TXHMm7po1AcnFk8iu2S2IeU/+/A+Q==}
    dependencies:
      tslib: 1.14.1
    dev: false

  /@aws-crypto/sha256-browser@3.0.0:
    resolution: {integrity: sha512-8VLmW2B+gjFbU5uMeqtQM6Nj0/F1bro80xQXCW6CQBWgosFWXTx77aeOF5CAIAmbOK64SdMBJdNr6J41yP5mvQ==}
    dependencies:
      '@aws-crypto/ie11-detection': 3.0.0
      '@aws-crypto/sha256-js': 3.0.0
      '@aws-crypto/supports-web-crypto': 3.0.0
      '@aws-crypto/util': 3.0.0
      '@aws-sdk/types': 3.413.0
      '@aws-sdk/util-locate-window': 3.310.0
      '@aws-sdk/util-utf8-browser': 3.259.0
      tslib: 1.14.1
    dev: false

  /@aws-crypto/sha256-js@3.0.0:
    resolution: {integrity: sha512-PnNN7os0+yd1XvXAy23CFOmTbMaDxgxXtTKHybrJ39Y8kGzBATgBFibWJKH6BhytLI/Zyszs87xCOBNyBig6vQ==}
    dependencies:
      '@aws-crypto/util': 3.0.0
      '@aws-sdk/types': 3.413.0
      tslib: 1.14.1
    dev: false

  /@aws-crypto/supports-web-crypto@3.0.0:
    resolution: {integrity: sha512-06hBdMwUAb2WFTuGG73LSC0wfPu93xWwo5vL2et9eymgmu3Id5vFAHBbajVWiGhPO37qcsdCap/FqXvJGJWPIg==}
    dependencies:
      tslib: 1.14.1
    dev: false

  /@aws-crypto/util@3.0.0:
    resolution: {integrity: sha512-2OJlpeJpCR48CC8r+uKVChzs9Iungj9wkZrl8Z041DWEWvyIHILYKCPNzJghKsivj+S3mLo6BVc7mBNzdxA46w==}
    dependencies:
      '@aws-sdk/types': 3.413.0
      '@aws-sdk/util-utf8-browser': 3.259.0
      tslib: 1.14.1
    dev: false

  /@aws-sdk/client-sns@3.413.0:
    resolution: {integrity: sha512-w7wz4eOzMLXAcHCmYXF7rKSXPZrwgNrKjvrpQPzdNMrAzlrQp0WwTjeaIdQGZn23NUwWCWavMRXEkFztw8NtUQ==}
    engines: {node: '>=14.0.0'}
    dependencies:
      '@aws-crypto/sha256-browser': 3.0.0
      '@aws-crypto/sha256-js': 3.0.0
      '@aws-sdk/client-sts': 3.413.0
      '@aws-sdk/credential-provider-node': 3.413.0
      '@aws-sdk/middleware-host-header': 3.413.0
      '@aws-sdk/middleware-logger': 3.413.0
      '@aws-sdk/middleware-recursion-detection': 3.413.0
      '@aws-sdk/middleware-signing': 3.413.0
      '@aws-sdk/middleware-user-agent': 3.413.0
      '@aws-sdk/types': 3.413.0
      '@aws-sdk/util-endpoints': 3.413.0
      '@aws-sdk/util-user-agent-browser': 3.413.0
      '@aws-sdk/util-user-agent-node': 3.413.0
      '@smithy/config-resolver': 2.0.9
      '@smithy/fetch-http-handler': 2.1.4
      '@smithy/hash-node': 2.0.8
      '@smithy/invalid-dependency': 2.0.8
      '@smithy/middleware-content-length': 2.0.10
      '@smithy/middleware-endpoint': 2.0.8
      '@smithy/middleware-retry': 2.0.11
      '@smithy/middleware-serde': 2.0.8
      '@smithy/middleware-stack': 2.0.1
      '@smithy/node-config-provider': 2.0.11
      '@smithy/node-http-handler': 2.1.4
      '@smithy/protocol-http': 3.0.4
      '@smithy/smithy-client': 2.1.5
      '@smithy/types': 2.3.2
      '@smithy/url-parser': 2.0.8
      '@smithy/util-base64': 2.0.0
      '@smithy/util-body-length-browser': 2.0.0
      '@smithy/util-body-length-node': 2.1.0
      '@smithy/util-defaults-mode-browser': 2.0.9
      '@smithy/util-defaults-mode-node': 2.0.11
      '@smithy/util-retry': 2.0.1
      '@smithy/util-utf8': 2.0.0
      fast-xml-parser: 4.2.5
      tslib: 2.6.2
    transitivePeerDependencies:
      - aws-crt
    dev: false

  /@aws-sdk/client-sso@3.413.0:
    resolution: {integrity: sha512-mK+lygF85FzPAO+h9C0GZiFHxb9FguGVfpmovOTczjDE7LMp20D8kAk0hZGf/oshD+R/wdkmcmYugl/aBlvVZg==}
    engines: {node: '>=14.0.0'}
    dependencies:
      '@aws-crypto/sha256-browser': 3.0.0
      '@aws-crypto/sha256-js': 3.0.0
      '@aws-sdk/middleware-host-header': 3.413.0
      '@aws-sdk/middleware-logger': 3.413.0
      '@aws-sdk/middleware-recursion-detection': 3.413.0
      '@aws-sdk/middleware-user-agent': 3.413.0
      '@aws-sdk/types': 3.413.0
      '@aws-sdk/util-endpoints': 3.413.0
      '@aws-sdk/util-user-agent-browser': 3.413.0
      '@aws-sdk/util-user-agent-node': 3.413.0
      '@smithy/config-resolver': 2.0.9
      '@smithy/fetch-http-handler': 2.1.4
      '@smithy/hash-node': 2.0.8
      '@smithy/invalid-dependency': 2.0.8
      '@smithy/middleware-content-length': 2.0.10
      '@smithy/middleware-endpoint': 2.0.8
      '@smithy/middleware-retry': 2.0.11
      '@smithy/middleware-serde': 2.0.8
      '@smithy/middleware-stack': 2.0.1
      '@smithy/node-config-provider': 2.0.11
      '@smithy/node-http-handler': 2.1.4
      '@smithy/protocol-http': 3.0.4
      '@smithy/smithy-client': 2.1.5
      '@smithy/types': 2.3.2
      '@smithy/url-parser': 2.0.8
      '@smithy/util-base64': 2.0.0
      '@smithy/util-body-length-browser': 2.0.0
      '@smithy/util-body-length-node': 2.1.0
      '@smithy/util-defaults-mode-browser': 2.0.9
      '@smithy/util-defaults-mode-node': 2.0.11
      '@smithy/util-retry': 2.0.1
      '@smithy/util-utf8': 2.0.0
      tslib: 2.6.2
    transitivePeerDependencies:
      - aws-crt
    dev: false

  /@aws-sdk/client-sts@3.413.0:
    resolution: {integrity: sha512-tNRK3qso5RQfbmMyr9dG79UDHyVKyNaJgytlhGcUkhcRGMlTFqoTW02C6poA5Hj9BEUQyKUJueOnWz4rVNQnEg==}
    engines: {node: '>=14.0.0'}
    dependencies:
      '@aws-crypto/sha256-browser': 3.0.0
      '@aws-crypto/sha256-js': 3.0.0
      '@aws-sdk/credential-provider-node': 3.413.0
      '@aws-sdk/middleware-host-header': 3.413.0
      '@aws-sdk/middleware-logger': 3.413.0
      '@aws-sdk/middleware-recursion-detection': 3.413.0
      '@aws-sdk/middleware-sdk-sts': 3.413.0
      '@aws-sdk/middleware-signing': 3.413.0
      '@aws-sdk/middleware-user-agent': 3.413.0
      '@aws-sdk/types': 3.413.0
      '@aws-sdk/util-endpoints': 3.413.0
      '@aws-sdk/util-user-agent-browser': 3.413.0
      '@aws-sdk/util-user-agent-node': 3.413.0
      '@smithy/config-resolver': 2.0.9
      '@smithy/fetch-http-handler': 2.1.4
      '@smithy/hash-node': 2.0.8
      '@smithy/invalid-dependency': 2.0.8
      '@smithy/middleware-content-length': 2.0.10
      '@smithy/middleware-endpoint': 2.0.8
      '@smithy/middleware-retry': 2.0.11
      '@smithy/middleware-serde': 2.0.8
      '@smithy/middleware-stack': 2.0.1
      '@smithy/node-config-provider': 2.0.11
      '@smithy/node-http-handler': 2.1.4
      '@smithy/protocol-http': 3.0.4
      '@smithy/smithy-client': 2.1.5
      '@smithy/types': 2.3.2
      '@smithy/url-parser': 2.0.8
      '@smithy/util-base64': 2.0.0
      '@smithy/util-body-length-browser': 2.0.0
      '@smithy/util-body-length-node': 2.1.0
      '@smithy/util-defaults-mode-browser': 2.0.9
      '@smithy/util-defaults-mode-node': 2.0.11
      '@smithy/util-retry': 2.0.1
      '@smithy/util-utf8': 2.0.0
      fast-xml-parser: 4.2.5
      tslib: 2.6.2
    transitivePeerDependencies:
      - aws-crt
    dev: false

  /@aws-sdk/credential-provider-env@3.413.0:
    resolution: {integrity: sha512-yeMOkfG20/RlzfPMtQuDB647AcPEvFEVYOWZzAWVJfldYQ5ybKr0d7sBkgG9sdAzGkK3Aw9dE4rigYI8EIqc1Q==}
    engines: {node: '>=14.0.0'}
    dependencies:
      '@aws-sdk/types': 3.413.0
      '@smithy/property-provider': 2.0.9
      '@smithy/types': 2.3.2
      tslib: 2.6.2
    dev: false

  /@aws-sdk/credential-provider-ini@3.413.0:
    resolution: {integrity: sha512-h5UUGBvDfBg9F1U6XbWquFMqbe8uqY/FNv4ngfxYaj8zSk2iTfJ9s918vmRlduiKFB0Z1GaaxNv20z6d/usVrA==}
    engines: {node: '>=14.0.0'}
    dependencies:
      '@aws-sdk/credential-provider-env': 3.413.0
      '@aws-sdk/credential-provider-process': 3.413.0
      '@aws-sdk/credential-provider-sso': 3.413.0
      '@aws-sdk/credential-provider-web-identity': 3.413.0
      '@aws-sdk/types': 3.413.0
      '@smithy/credential-provider-imds': 2.0.11
      '@smithy/property-provider': 2.0.9
      '@smithy/shared-ini-file-loader': 2.0.10
      '@smithy/types': 2.3.2
      tslib: 2.6.2
    transitivePeerDependencies:
      - aws-crt
    dev: false

  /@aws-sdk/credential-provider-node@3.413.0:
    resolution: {integrity: sha512-kXfdZrOKN8KN9pjvppLhSHXVBDRCzhDQtTyJudx6UwENgp5x1ARBKFTTg4I7B1+SgMsmIH3GMA0K6woLVAIXoA==}
    engines: {node: '>=14.0.0'}
    dependencies:
      '@aws-sdk/credential-provider-env': 3.413.0
      '@aws-sdk/credential-provider-ini': 3.413.0
      '@aws-sdk/credential-provider-process': 3.413.0
      '@aws-sdk/credential-provider-sso': 3.413.0
      '@aws-sdk/credential-provider-web-identity': 3.413.0
      '@aws-sdk/types': 3.413.0
      '@smithy/credential-provider-imds': 2.0.11
      '@smithy/property-provider': 2.0.9
      '@smithy/shared-ini-file-loader': 2.0.10
      '@smithy/types': 2.3.2
      tslib: 2.6.2
    transitivePeerDependencies:
      - aws-crt
    dev: false

  /@aws-sdk/credential-provider-process@3.413.0:
    resolution: {integrity: sha512-GFJdgS14GzJ1wc2DEnS44Z/34iBZ05CAkvDsLN2CMwcDgH4eZuif9/x0lwzIJBK3xVFHzYUeVvEzsqRPbCHRsw==}
    engines: {node: '>=14.0.0'}
    dependencies:
      '@aws-sdk/types': 3.413.0
      '@smithy/property-provider': 2.0.9
      '@smithy/shared-ini-file-loader': 2.0.10
      '@smithy/types': 2.3.2
      tslib: 2.6.2
    dev: false

  /@aws-sdk/credential-provider-sso@3.413.0:
    resolution: {integrity: sha512-wLQYJ916imwUr+MdvAE1PGC4fQ6MBhnJeBxCjHjCYBFVYs69U3u6sYL4TT6BPsKtSo3k9gnjSkUvBa4OCerQ0w==}
    engines: {node: '>=14.0.0'}
    dependencies:
      '@aws-sdk/client-sso': 3.413.0
      '@aws-sdk/token-providers': 3.413.0
      '@aws-sdk/types': 3.413.0
      '@smithy/property-provider': 2.0.9
      '@smithy/shared-ini-file-loader': 2.0.10
      '@smithy/types': 2.3.2
      tslib: 2.6.2
    transitivePeerDependencies:
      - aws-crt
    dev: false

  /@aws-sdk/credential-provider-web-identity@3.413.0:
    resolution: {integrity: sha512-5cdA1Iq9JeEHtg59ERV9fdMQ7cS0JF6gH/BWA7HYEUGdSVPXCuwyEggPtG64QgpNU7SmxH+QdDG+Ldxz09ycIA==}
    engines: {node: '>=14.0.0'}
    dependencies:
      '@aws-sdk/types': 3.413.0
      '@smithy/property-provider': 2.0.9
      '@smithy/types': 2.3.2
      tslib: 2.6.2
    dev: false

  /@aws-sdk/middleware-host-header@3.413.0:
    resolution: {integrity: sha512-r9PQx468EzPHo9wRzZLfgROpKtVdbkteMrdhsuM12bifVHjU1OHr7yfhc1OdWv39X8Xiv6F8n5r+RBQEM0S6+g==}
    engines: {node: '>=14.0.0'}
    dependencies:
      '@aws-sdk/types': 3.413.0
      '@smithy/protocol-http': 3.0.4
      '@smithy/types': 2.3.2
      tslib: 2.6.2
    dev: false

  /@aws-sdk/middleware-logger@3.413.0:
    resolution: {integrity: sha512-jqcXDubcKvoqBy+kkEa0WoNjG6SveDeyNy+gdGnTV+DEtYjkcHrHJei4q0W5zFl0mzc+dP+z8tJF44rv95ZY3Q==}
    engines: {node: '>=14.0.0'}
    dependencies:
      '@aws-sdk/types': 3.413.0
      '@smithy/types': 2.3.2
      tslib: 2.6.2
    dev: false

  /@aws-sdk/middleware-recursion-detection@3.413.0:
    resolution: {integrity: sha512-C6k0IKJk/A4/VBGwUjxEPG+WOjjnmWAZVRBUzaeM7PqRh+g5rLcuIV356ntV3pREVxyiSTePTYVYIHU9YXkLKQ==}
    engines: {node: '>=14.0.0'}
    dependencies:
      '@aws-sdk/types': 3.413.0
      '@smithy/protocol-http': 3.0.4
      '@smithy/types': 2.3.2
      tslib: 2.6.2
    dev: false

  /@aws-sdk/middleware-sdk-sts@3.413.0:
    resolution: {integrity: sha512-t0u//JUyaEZRVnH5q+Ur3tWnuyIsTdwA0XOdDCZXcSlLYzGp2MI/tScLjn9IydRrceIFpFfmbjk4Nf/Q6TeBTQ==}
    engines: {node: '>=14.0.0'}
    dependencies:
      '@aws-sdk/middleware-signing': 3.413.0
      '@aws-sdk/types': 3.413.0
      '@smithy/types': 2.3.2
      tslib: 2.6.2
    dev: false

  /@aws-sdk/middleware-signing@3.413.0:
    resolution: {integrity: sha512-QFEnVvIKYPCermM+ESxEztgUgXzGSKpnPnohMYNvSZySqmOLu/4VvxiZbRO/BX9J3ZHcUgaw4vKm5VBZRrycxw==}
    engines: {node: '>=14.0.0'}
    dependencies:
      '@aws-sdk/types': 3.413.0
      '@smithy/property-provider': 2.0.9
      '@smithy/protocol-http': 3.0.4
      '@smithy/signature-v4': 2.0.8
      '@smithy/types': 2.3.2
      '@smithy/util-middleware': 2.0.1
      tslib: 2.6.2
    dev: false

  /@aws-sdk/middleware-user-agent@3.413.0:
    resolution: {integrity: sha512-eVMJyeWxNBqerhfD+sE9sTjDtwQiECrfU6wpUQP5fGPhJD2cVVZPxuTuJGDZCu/4k/V61dF85IYlsPUNLdVQ6w==}
    engines: {node: '>=14.0.0'}
    dependencies:
      '@aws-sdk/types': 3.413.0
      '@aws-sdk/util-endpoints': 3.413.0
      '@smithy/protocol-http': 3.0.4
      '@smithy/types': 2.3.2
      tslib: 2.6.2
    dev: false

  /@aws-sdk/token-providers@3.413.0:
    resolution: {integrity: sha512-NfP1Ib9LAWVLMTOa/1aJwt4TRrlRrNyukCpVZGfNaMnNNEoP5Rakdbcs8KFVHe/MJzU+GdKVzxQ4TgRkLOGTrA==}
    engines: {node: '>=14.0.0'}
    dependencies:
      '@aws-crypto/sha256-browser': 3.0.0
      '@aws-crypto/sha256-js': 3.0.0
      '@aws-sdk/middleware-host-header': 3.413.0
      '@aws-sdk/middleware-logger': 3.413.0
      '@aws-sdk/middleware-recursion-detection': 3.413.0
      '@aws-sdk/middleware-user-agent': 3.413.0
      '@aws-sdk/types': 3.413.0
      '@aws-sdk/util-endpoints': 3.413.0
      '@aws-sdk/util-user-agent-browser': 3.413.0
      '@aws-sdk/util-user-agent-node': 3.413.0
      '@smithy/config-resolver': 2.0.9
      '@smithy/fetch-http-handler': 2.1.4
      '@smithy/hash-node': 2.0.8
      '@smithy/invalid-dependency': 2.0.8
      '@smithy/middleware-content-length': 2.0.10
      '@smithy/middleware-endpoint': 2.0.8
      '@smithy/middleware-retry': 2.0.11
      '@smithy/middleware-serde': 2.0.8
      '@smithy/middleware-stack': 2.0.1
      '@smithy/node-config-provider': 2.0.11
      '@smithy/node-http-handler': 2.1.4
      '@smithy/property-provider': 2.0.9
      '@smithy/protocol-http': 3.0.4
      '@smithy/shared-ini-file-loader': 2.0.10
      '@smithy/smithy-client': 2.1.5
      '@smithy/types': 2.3.2
      '@smithy/url-parser': 2.0.8
      '@smithy/util-base64': 2.0.0
      '@smithy/util-body-length-browser': 2.0.0
      '@smithy/util-body-length-node': 2.1.0
      '@smithy/util-defaults-mode-browser': 2.0.9
      '@smithy/util-defaults-mode-node': 2.0.11
      '@smithy/util-retry': 2.0.1
      '@smithy/util-utf8': 2.0.0
      tslib: 2.6.2
    transitivePeerDependencies:
      - aws-crt
    dev: false

  /@aws-sdk/types@3.413.0:
    resolution: {integrity: sha512-j1xib0f/TazIFc5ySIKOlT1ujntRbaoG4LJFeEezz4ji03/wSJMI8Vi4KjzpBp8J1tTu0oRDnsxRIGixsUBeYQ==}
    engines: {node: '>=14.0.0'}
    dependencies:
      '@smithy/types': 2.3.2
      tslib: 2.6.2
    dev: false

  /@aws-sdk/util-endpoints@3.413.0:
    resolution: {integrity: sha512-VAwr7cITNb1L6/2XUPIbCOuhKGm0VtKCRblurrfUF2bxqG/wtuw/2Fm4ahYJPyxklOSXAMSq+RHdFWcir0YB/g==}
    engines: {node: '>=14.0.0'}
    dependencies:
      '@aws-sdk/types': 3.413.0
      tslib: 2.6.2
    dev: false

  /@aws-sdk/util-locate-window@3.310.0:
    resolution: {integrity: sha512-qo2t/vBTnoXpjKxlsC2e1gBrRm80M3bId27r0BRB2VniSSe7bL1mmzM+/HFtujm0iAxtPM+aLEflLJlJeDPg0w==}
    engines: {node: '>=14.0.0'}
    dependencies:
      tslib: 2.6.2
    dev: false

  /@aws-sdk/util-user-agent-browser@3.413.0:
    resolution: {integrity: sha512-7j/qWcRO2OBZBre2fC6V6M0PAS9n7k6i+VtofPkkhxC2DZszLJElqnooF9hGmVGYK3zR47Np4WjURXKIEZclWg==}
    dependencies:
      '@aws-sdk/types': 3.413.0
      '@smithy/types': 2.3.2
      bowser: 2.11.0
      tslib: 2.6.2
    dev: false

  /@aws-sdk/util-user-agent-node@3.413.0:
    resolution: {integrity: sha512-vHm9TVZIzfWMeDvdmoOky6VarqOt8Pr68CESHN0jyuO6XbhCDnr9rpaXiBhbSR+N1Qm7R/AfJgAhQyTMu2G1OA==}
    engines: {node: '>=14.0.0'}
    peerDependencies:
      aws-crt: '>=1.0.0'
    peerDependenciesMeta:
      aws-crt:
        optional: true
    dependencies:
      '@aws-sdk/types': 3.413.0
      '@smithy/node-config-provider': 2.0.11
      '@smithy/types': 2.3.2
      tslib: 2.6.2
    dev: false

  /@aws-sdk/util-utf8-browser@3.259.0:
    resolution: {integrity: sha512-UvFa/vR+e19XookZF8RzFZBrw2EUkQWxiBW0yYQAhvk3C+QVGl0H3ouca8LDBlBfQKXwmW3huo/59H8rwb1wJw==}
    dependencies:
      tslib: 2.6.2
    dev: false

  /@balena/dockerignore@1.0.2:
    resolution: {integrity: sha512-wMue2Sy4GAVTk6Ic4tJVcnfdau+gx2EnG7S+uAEe+TWJFqE4YoWN4/H8MSLj4eYJKxGg26lZwboEniNiNwZQ6Q==}
    dev: false

  /@smithy/abort-controller@2.0.8:
    resolution: {integrity: sha512-2SOdVj5y0zE37Y9scSXoizoxgi6mgnDabi7a/SOfhl0p+50I0rIkuJTfyAuTPDtQ7e5dD6tSZPCLB3c/YM6Zig==}
    engines: {node: '>=14.0.0'}
    dependencies:
      '@smithy/types': 2.3.2
      tslib: 2.6.2
    dev: false

  /@smithy/config-resolver@2.0.9:
    resolution: {integrity: sha512-QBkGPLUqyPmis9Erz8v4q5lo/ErnF7+GD5WZHa6JZiXopUPfaaM+B21n8gzS5xCkIXZmnwzNQhObP9xQPu8oqQ==}
    engines: {node: '>=14.0.0'}
    dependencies:
      '@smithy/node-config-provider': 2.0.11
      '@smithy/types': 2.3.2
      '@smithy/util-config-provider': 2.0.0
      '@smithy/util-middleware': 2.0.1
      tslib: 2.6.2
    dev: false

  /@smithy/credential-provider-imds@2.0.11:
    resolution: {integrity: sha512-uJJs8dnM5iXkn8a2GaKvlKMhcOJ+oJPYqY9gY3CM/EieCVObIDjxUtR/g8lU/k/A+OauA78GzScAfulmFjPOYA==}
    engines: {node: '>=14.0.0'}
    dependencies:
      '@smithy/node-config-provider': 2.0.11
      '@smithy/property-provider': 2.0.9
      '@smithy/types': 2.3.2
      '@smithy/url-parser': 2.0.8
      tslib: 2.6.2
    dev: false

  /@smithy/eventstream-codec@2.0.8:
    resolution: {integrity: sha512-onO4to8ujCKn4m5XagReT9Nc6FlNG5vveuvjp1H7AtaG7njdet1LOl6/jmUOkskF2C/w+9jNw3r9Ak+ghOvN0A==}
    dependencies:
      '@aws-crypto/crc32': 3.0.0
      '@smithy/types': 2.3.2
      '@smithy/util-hex-encoding': 2.0.0
      tslib: 2.6.2
    dev: false

  /@smithy/fetch-http-handler@2.1.4:
    resolution: {integrity: sha512-SL24M9W5ERByoXaVicRx+bj9GJVujDnPn+QO7GY7adhY0mPGa6DSF58pVKsgIh4r5Tx/k3SWCPlH4BxxSxA/fQ==}
    dependencies:
      '@smithy/protocol-http': 3.0.4
      '@smithy/querystring-builder': 2.0.8
      '@smithy/types': 2.3.2
      '@smithy/util-base64': 2.0.0
      tslib: 2.6.2
    dev: false

  /@smithy/hash-node@2.0.8:
    resolution: {integrity: sha512-yZL/nmxZzjZV5/QX5JWSgXlt0HxuMTwFO89CS++jOMMPiCMZngf6VYmtNdccs8IIIAMmfQeTzwu07XgUE/Zd3Q==}
    engines: {node: '>=14.0.0'}
    dependencies:
      '@smithy/types': 2.3.2
      '@smithy/util-buffer-from': 2.0.0
      '@smithy/util-utf8': 2.0.0
      tslib: 2.6.2
    dev: false

  /@smithy/invalid-dependency@2.0.8:
    resolution: {integrity: sha512-88VOS7W3KzUz/bNRc+Sl/F/CDIasFspEE4G39YZRHIh9YmsXF7GUyVaAKURfMNulTie62ayk6BHC9O0nOBAVgQ==}
    dependencies:
      '@smithy/types': 2.3.2
      tslib: 2.6.2
    dev: false

  /@smithy/is-array-buffer@2.0.0:
    resolution: {integrity: sha512-z3PjFjMyZNI98JFRJi/U0nGoLWMSJlDjAW4QUX2WNZLas5C0CmVV6LJ01JI0k90l7FvpmixjWxPFmENSClQ7ug==}
    engines: {node: '>=14.0.0'}
    dependencies:
      tslib: 2.6.2
    dev: false

  /@smithy/middleware-content-length@2.0.10:
    resolution: {integrity: sha512-EGSbysyA4jH0p3xI6G0jdXoj9Iz9GUnAta6aEaHtXm3wVWtenRf80y2TeVvNkVSr5jwKOdSCjKIRI2l1A/oZLA==}
    engines: {node: '>=14.0.0'}
    dependencies:
      '@smithy/protocol-http': 3.0.4
      '@smithy/types': 2.3.2
      tslib: 2.6.2
    dev: false

  /@smithy/middleware-endpoint@2.0.8:
    resolution: {integrity: sha512-yOpogfG2d2V0cbJdAJ6GLAWkNOc9pVsL5hZUfXcxJu408N3CUCsXzIAFF6+70ZKSE+lCfG3GFErcSXv/UfUbjw==}
    engines: {node: '>=14.0.0'}
    dependencies:
      '@smithy/middleware-serde': 2.0.8
      '@smithy/types': 2.3.2
      '@smithy/url-parser': 2.0.8
      '@smithy/util-middleware': 2.0.1
      tslib: 2.6.2
    dev: false

  /@smithy/middleware-retry@2.0.11:
    resolution: {integrity: sha512-pknfokumZ+wvBERSuKAI2vVr+aK3ZgPiWRg6+0ZG4kKJogBRpPmDGWw+Jht0izS9ZaEbIobNzueIb4wD33JJVg==}
    engines: {node: '>=14.0.0'}
    dependencies:
      '@smithy/node-config-provider': 2.0.11
      '@smithy/protocol-http': 3.0.4
      '@smithy/service-error-classification': 2.0.1
      '@smithy/types': 2.3.2
      '@smithy/util-middleware': 2.0.1
      '@smithy/util-retry': 2.0.1
      tslib: 2.6.2
      uuid: 8.3.2
    dev: false

  /@smithy/middleware-serde@2.0.8:
    resolution: {integrity: sha512-Is0sm+LiNlgsc0QpstDzifugzL9ehno1wXp109GgBgpnKTK3j+KphiparBDI4hWTtH9/7OUsxuspNqai2yyhcg==}
    engines: {node: '>=14.0.0'}
    dependencies:
      '@smithy/types': 2.3.2
      tslib: 2.6.2
    dev: false

  /@smithy/middleware-stack@2.0.1:
    resolution: {integrity: sha512-UexsfY6/oQZRjTQL56s9AKtMcR60tBNibSgNYX1I2WXaUaXg97W9JCkFyth85TzBWKDBTyhLfenrukS/kyu54A==}
    engines: {node: '>=14.0.0'}
    dependencies:
      '@smithy/types': 2.3.2
      tslib: 2.6.2
    dev: false

  /@smithy/node-config-provider@2.0.11:
    resolution: {integrity: sha512-CaR1dciSSGKttjhcefpytYjsfI/Yd5mqL8am4wfmyFCDxSiPsvnEWHl8UjM/RbcAjX0klt+CeIKPSHEc0wGvJA==}
    engines: {node: '>=14.0.0'}
    dependencies:
      '@smithy/property-provider': 2.0.9
      '@smithy/shared-ini-file-loader': 2.0.10
      '@smithy/types': 2.3.2
      tslib: 2.6.2
    dev: false

  /@smithy/node-http-handler@2.1.4:
    resolution: {integrity: sha512-8Rw/AusvWDyC6SK8esAcVBeTlQHf94NMFv805suFUJCQ2gwlh0oLDNh+6s2MDOrxcjvLxjjzv1mytM0Mt+0cPQ==}
    engines: {node: '>=14.0.0'}
    dependencies:
      '@smithy/abort-controller': 2.0.8
      '@smithy/protocol-http': 3.0.4
      '@smithy/querystring-builder': 2.0.8
      '@smithy/types': 2.3.2
      tslib: 2.6.2
    dev: false

  /@smithy/property-provider@2.0.9:
    resolution: {integrity: sha512-25pPZ8f8DeRwYI5wbPRZaoMoR+3vrw8DwbA0TjP+GsdiB2KxScndr4HQehiJ5+WJ0giOTWhLz0bd+7Djv1qpUQ==}
    engines: {node: '>=14.0.0'}
    dependencies:
      '@smithy/types': 2.3.2
      tslib: 2.6.2
    dev: false

  /@smithy/protocol-http@3.0.4:
    resolution: {integrity: sha512-CGfSWk6TRlbwa8YgrSXdn80Yu7pov3EV/h7TSfiCHhq6/LO3WymmqnzgH1f0qV2bdTDipIkTNp5dGCGN3Af/5g==}
    engines: {node: '>=14.0.0'}
    dependencies:
      '@smithy/types': 2.3.2
      tslib: 2.6.2
    dev: false

  /@smithy/querystring-builder@2.0.8:
    resolution: {integrity: sha512-+vzIMwjC8Saz97/ptPn+IJRCRRZ+pP95ZIWDRqEqZV/a6hiKbaFoMSa2iCKsnKzR696U2JZXrDqMu3e/FD1+2g==}
    engines: {node: '>=14.0.0'}
    dependencies:
      '@smithy/types': 2.3.2
      '@smithy/util-uri-escape': 2.0.0
      tslib: 2.6.2
    dev: false

  /@smithy/querystring-parser@2.0.8:
    resolution: {integrity: sha512-ArbanNuR7O/MmTd90ZqhDqGOPPDYmxx3huHxD+R3cuCnazcK/1tGQA+SnnR5307T7ZRb5WTpB6qBggERuibVSA==}
    engines: {node: '>=14.0.0'}
    dependencies:
      '@smithy/types': 2.3.2
      tslib: 2.6.2
    dev: false

  /@smithy/service-error-classification@2.0.1:
    resolution: {integrity: sha512-QHa9+t+v4s0cMuDCcbjIJN67mNZ42/+fc3jKe8P6ZMPXZl5ksKk6a8vhZ/m494GZng5eFTc3OePv+NF9cG83yg==}
    engines: {node: '>=14.0.0'}
    dependencies:
      '@smithy/types': 2.3.2
    dev: false

  /@smithy/shared-ini-file-loader@2.0.10:
    resolution: {integrity: sha512-jWASteSezRKohJ7GdA7pHDvmr7Q7tw3b5mu3xLHIkZy/ICftJ+O7aqNaF8wklhI7UNFoQ7flFRM3Rd0KA+1BbQ==}
    engines: {node: '>=14.0.0'}
    dependencies:
      '@smithy/types': 2.3.2
      tslib: 2.6.2
    dev: false

  /@smithy/signature-v4@2.0.8:
    resolution: {integrity: sha512-qrtiYMzaLlQ5HSJOaFwnyTQ3JLjmPY+3+pr9IBDpCVM6YtVj22cBLVB9bPOiZMIpkdI7ZRdxLBFlIjh5CO1Bhw==}
    engines: {node: '>=14.0.0'}
    dependencies:
      '@smithy/eventstream-codec': 2.0.8
      '@smithy/is-array-buffer': 2.0.0
      '@smithy/types': 2.3.2
      '@smithy/util-hex-encoding': 2.0.0
      '@smithy/util-middleware': 2.0.1
      '@smithy/util-uri-escape': 2.0.0
      '@smithy/util-utf8': 2.0.0
      tslib: 2.6.2
    dev: false

  /@smithy/smithy-client@2.1.5:
    resolution: {integrity: sha512-7S865uKzsxApM8W8Q6zkij7tcUFgaG8PuADMFdMt1yL/ku3d0+s6Zwrg3N7iXCPM08Gu/mf0BIfTXIu/9i450Q==}
    engines: {node: '>=14.0.0'}
    dependencies:
      '@smithy/middleware-stack': 2.0.1
      '@smithy/types': 2.3.2
      '@smithy/util-stream': 2.0.11
      tslib: 2.6.2
    dev: false

  /@smithy/types@2.3.2:
    resolution: {integrity: sha512-iH0cdKi7HQlzfAM3w2shFk/qZYKAqJWswtpmQpPtlruF+uFZeGEpMJjgDRyhWiddfVM4e2oP4nMaOBsMy6lXgg==}
    engines: {node: '>=14.0.0'}
    dependencies:
      tslib: 2.6.2
    dev: false

  /@smithy/url-parser@2.0.8:
    resolution: {integrity: sha512-wQw7j004ScCrBRJ+oNPXlLE9mtofxyadSZ9D8ov/rHkyurS7z1HTNuyaGRj6OvKsEk0SVQsuY0C9+EfM75XTkw==}
    dependencies:
      '@smithy/querystring-parser': 2.0.8
      '@smithy/types': 2.3.2
      tslib: 2.6.2
    dev: false

  /@smithy/util-base64@2.0.0:
    resolution: {integrity: sha512-Zb1E4xx+m5Lud8bbeYi5FkcMJMnn+1WUnJF3qD7rAdXpaL7UjkFQLdmW5fHadoKbdHpwH9vSR8EyTJFHJs++tA==}
    engines: {node: '>=14.0.0'}
    dependencies:
      '@smithy/util-buffer-from': 2.0.0
      tslib: 2.6.2
    dev: false

  /@smithy/util-body-length-browser@2.0.0:
    resolution: {integrity: sha512-JdDuS4ircJt+FDnaQj88TzZY3+njZ6O+D3uakS32f2VNnDo3vyEuNdBOh/oFd8Df1zSZOuH1HEChk2AOYDezZg==}
    dependencies:
      tslib: 2.6.2
    dev: false

  /@smithy/util-body-length-node@2.1.0:
    resolution: {integrity: sha512-/li0/kj/y3fQ3vyzn36NTLGmUwAICb7Jbe/CsWCktW363gh1MOcpEcSO3mJ344Gv2dqz8YJCLQpb6hju/0qOWw==}
    engines: {node: '>=14.0.0'}
    dependencies:
      tslib: 2.6.2
    dev: false

  /@smithy/util-buffer-from@2.0.0:
    resolution: {integrity: sha512-/YNnLoHsR+4W4Vf2wL5lGv0ksg8Bmk3GEGxn2vEQt52AQaPSCuaO5PM5VM7lP1K9qHRKHwrPGktqVoAHKWHxzw==}
    engines: {node: '>=14.0.0'}
    dependencies:
      '@smithy/is-array-buffer': 2.0.0
      tslib: 2.6.2
    dev: false

  /@smithy/util-config-provider@2.0.0:
    resolution: {integrity: sha512-xCQ6UapcIWKxXHEU4Mcs2s7LcFQRiU3XEluM2WcCjjBtQkUN71Tb+ydGmJFPxMUrW/GWMgQEEGipLym4XG0jZg==}
    engines: {node: '>=14.0.0'}
    dependencies:
      tslib: 2.6.2
    dev: false

  /@smithy/util-defaults-mode-browser@2.0.9:
    resolution: {integrity: sha512-JONLJVQWT8165XoSV36ERn3SVlZLJJ4D6IeGsCSePv65Uxa93pzSLE0UMSR9Jwm4zix7rst9AS8W5QIypZWP8Q==}
    engines: {node: '>= 10.0.0'}
    dependencies:
      '@smithy/property-provider': 2.0.9
      '@smithy/smithy-client': 2.1.5
      '@smithy/types': 2.3.2
      bowser: 2.11.0
      tslib: 2.6.2
    dev: false

  /@smithy/util-defaults-mode-node@2.0.11:
    resolution: {integrity: sha512-tmqjNsfj+bgZN6jXBe6efZnukzILA7BUytHkzqikuRLNtR+0VVchQHvawD0w6vManh76rO81ydhioe7i4oBzuA==}
    engines: {node: '>= 10.0.0'}
    dependencies:
      '@smithy/config-resolver': 2.0.9
      '@smithy/credential-provider-imds': 2.0.11
      '@smithy/node-config-provider': 2.0.11
      '@smithy/property-provider': 2.0.9
      '@smithy/smithy-client': 2.1.5
      '@smithy/types': 2.3.2
      tslib: 2.6.2
    dev: false

  /@smithy/util-hex-encoding@2.0.0:
    resolution: {integrity: sha512-c5xY+NUnFqG6d7HFh1IFfrm3mGl29lC+vF+geHv4ToiuJCBmIfzx6IeHLg+OgRdPFKDXIw6pvi+p3CsscaMcMA==}
    engines: {node: '>=14.0.0'}
    dependencies:
      tslib: 2.6.2
    dev: false

  /@smithy/util-middleware@2.0.1:
    resolution: {integrity: sha512-LnsBMi0Mg3gfz/TpNGLv2Jjcz2ra1OX5HR/4IaCepIYmtPQzqMWDdhX/XTW1LS8OZ0xbQuyQPcHkQ+2XkhWOVQ==}
    engines: {node: '>=14.0.0'}
    dependencies:
      '@smithy/types': 2.3.2
      tslib: 2.6.2
    dev: false

  /@smithy/util-retry@2.0.1:
    resolution: {integrity: sha512-naj4X0IafJ9yJnVJ58QgSMkCNLjyQOnyrnKh/T0f+0UOUxJiT8vuFn/hS7B/pNqbo2STY7PyJ4J4f+5YqxwNtA==}
    engines: {node: '>= 14.0.0'}
    dependencies:
      '@smithy/service-error-classification': 2.0.1
      '@smithy/types': 2.3.2
      tslib: 2.6.2
    dev: false

  /@smithy/util-stream@2.0.11:
    resolution: {integrity: sha512-2MeWfqSpZKdmEJ+tH8CJQSgzLWhH5cmdE24X7JB0hiamXrOmswWGGuPvyj/9sQCTclo57pNxLR2p7KrP8Ahiyg==}
    engines: {node: '>=14.0.0'}
    dependencies:
      '@smithy/fetch-http-handler': 2.1.4
      '@smithy/node-http-handler': 2.1.4
      '@smithy/types': 2.3.2
      '@smithy/util-base64': 2.0.0
      '@smithy/util-buffer-from': 2.0.0
      '@smithy/util-hex-encoding': 2.0.0
      '@smithy/util-utf8': 2.0.0
      tslib: 2.6.2
    dev: false

  /@smithy/util-uri-escape@2.0.0:
    resolution: {integrity: sha512-ebkxsqinSdEooQduuk9CbKcI+wheijxEb3utGXkCoYQkJnwTnLbH1JXGimJtUkQwNQbsbuYwG2+aFVyZf5TLaw==}
    engines: {node: '>=14.0.0'}
    dependencies:
      tslib: 2.6.2
    dev: false

  /@smithy/util-utf8@2.0.0:
    resolution: {integrity: sha512-rctU1VkziY84n5OXe3bPNpKR001ZCME2JCaBBFgtiM2hfKbHFudc/BkMuPab8hRbLd0j3vbnBTTZ1igBf0wgiQ==}
    engines: {node: '>=14.0.0'}
    dependencies:
      '@smithy/util-buffer-from': 2.0.0
      tslib: 2.6.2
    dev: false

  /ajv@8.12.0:
    resolution: {integrity: sha512-sRu1kpcO9yLtYxBKvqfTeh9KzZEwO3STyX1HT+4CaDzC6HpTGYhIhPIzj9XuKU7KYDwnaeh5hcOwjy1QuJzBPA==}
    dependencies:
      fast-deep-equal: 3.1.3
      json-schema-traverse: 1.0.0
      require-from-string: 2.0.2
      uri-js: 4.4.1
    dev: false

  /ansi-regex@5.0.1:
    resolution: {integrity: sha512-quJQXlTSUGL2LH9SUXo8VwsY4soanhgo6LNSm84E1LBcE8s3O0wpdiRzyR9z/ZZJMlMWv37qOOb9pdJlMUEKFQ==}
    engines: {node: '>=8'}
    dev: false

  /ansi-styles@4.3.0:
    resolution: {integrity: sha512-zbB9rCJAT1rbjiVDb2hqKFHNYLxgtk8NURxZ3IZwD3F6NtxbXZQCnnSi1Lkx+IDohdPlFp222wVALIheZJQSEg==}
    engines: {node: '>=8'}
    dependencies:
      color-convert: 2.0.1
    dev: false

  /astral-regex@2.0.0:
    resolution: {integrity: sha512-Z7tMw1ytTXt5jqMcOP+OQteU1VuNK9Y02uuJtKQ1Sv69jXQKKg5cibLwGJow8yzZP+eAc18EmLGPal0bp36rvQ==}
    engines: {node: '>=8'}
    dev: false

  /aws-cdk-lib@2.88.0(constructs@10.2.69):
    resolution: {integrity: sha512-bmhokh30HVeqlotWaoEmK7mKB9SJbJwpbsiVgmYe3JcMu8DposHQqaIPI7LnC+dg015tZaxUsExxOYBEw+vntQ==}
    engines: {node: '>= 14.15.0'}
    peerDependencies:
      constructs: ^10.0.0
    dependencies:
      '@aws-cdk/asset-awscli-v1': 2.2.200
      '@aws-cdk/asset-kubectl-v20': 2.1.2
      '@aws-cdk/asset-node-proxy-agent-v5': 2.0.166
      '@balena/dockerignore': 1.0.2
      case: 1.6.3
      constructs: 10.2.69
      fs-extra: 11.1.1
      ignore: 5.2.4
      jsonschema: 1.4.1
      minimatch: 3.1.2
      punycode: 2.3.0
      semver: 7.5.4
      table: 6.8.1
      yaml: 1.10.2
    dev: false
    bundledDependencies:
      - '@balena/dockerignore'
      - case
      - fs-extra
      - ignore
      - jsonschema
      - minimatch
      - punycode
      - semver
      - table
      - yaml

  /balanced-match@1.0.2:
    resolution: {integrity: sha512-3oSeUO0TMV67hN1AmbXsK4yaqU7tjiHlbxRDZOpH0KW9+CeX4bRAaX0Anxt0tx2MrpRpWwQaPwIlISEJhYU5Pw==}
    dev: false

  /bowser@2.11.0:
    resolution: {integrity: sha512-AlcaJBi/pqqJBIQ8U9Mcpc9i8Aqxn88Skv5d+xBX006BY5u8N3mGLHa5Lgppa7L/HfwgwLgZ6NYs+Ag6uUmJRA==}
    dev: false

  /brace-expansion@1.1.11:
    resolution: {integrity: sha512-iCuPHDFgrHX7H2vEI/5xpz07zSHB00TpugqhmYtVmMO6518mCuRMoOYFldEBl0g187ufozdaHgWKcYFb61qGiA==}
    dependencies:
      balanced-match: 1.0.2
      concat-map: 0.0.1
    dev: false

  /case@1.6.3:
    resolution: {integrity: sha512-mzDSXIPaFwVDvZAHqZ9VlbyF4yyXRuX6IvB06WvPYkqJVO24kX1PPhv9bfpKNFZyxYFmmgo03HUiD8iklmJYRQ==}
    engines: {node: '>= 0.8.0'}
    dev: false

  /color-convert@2.0.1:
    resolution: {integrity: sha512-RRECPsj7iu/xb5oKYcsFHSppFNnsj/52OVTRKb4zP5onXwVF3zVmmToNcOfGC+CRDpfK/U584fMg38ZHCaElKQ==}
    engines: {node: '>=7.0.0'}
    dependencies:
      color-name: 1.1.4
    dev: false

  /color-name@1.1.4:
    resolution: {integrity: sha512-dOy+3AuW3a2wNbZHIuMZpTcgjGuLU/uBL/ubcZF9OXbDo8ff4O8yVp5Bf0efS8uEoYo5q4Fx7dY9OgQGXgAsQA==}
    dev: false

  /concat-map@0.0.1:
    resolution: {integrity: sha512-/Srv4dswyQNBfohGpz9o6Yb3Gz3SrUDqBH5rTuhGR7ahtlbYKnVxw2bCFMRljaA7EXHaXZ8wsHdodFvbkhKmqg==}
    dev: false

  /constructs@10.2.69:
    resolution: {integrity: sha512-0AiM/uQe5Uk6JVe/62oolmSN2MjbFQkOlYrM3fFGZLKuT+g7xlAI10EebFhyCcZwI2JAcWuWCmmCAyCothxjuw==}
    engines: {node: '>= 16.14.0'}
    dev: false

  /emoji-regex@8.0.0:
    resolution: {integrity: sha512-MSjYzcWNOA0ewAHpz0MxpYFvwg6yjy1NG3xteoqz644VCo/RPgnr1/GGt+ic3iJTzQ8Eu3TdM14SawnVUmGE6A==}
    dev: false

  /fast-deep-equal@3.1.3:
    resolution: {integrity: sha512-f3qQ9oQy9j2AhBe/H9VC91wLmKBCCU/gDOnKNAYG5hswO7BLKj09Hc5HYNz9cGI++xlpDCIgDaitVs03ATR84Q==}
    dev: false

  /fast-xml-parser@4.2.5:
    resolution: {integrity: sha512-B9/wizE4WngqQftFPmdaMYlXoJlJOYxGQOanC77fq9k8+Z0v5dDSVh+3glErdIROP//s/jgb7ZuxKfB8nVyo0g==}
    hasBin: true
    dependencies:
      strnum: 1.0.5
    dev: false

  /fs-extra@11.1.1:
    resolution: {integrity: sha512-MGIE4HOvQCeUCzmlHs0vXpih4ysz4wg9qiSAu6cd42lVwPbTM1TjV7RusoyQqMmk/95gdQZX72u+YW+c3eEpFQ==}
    engines: {node: '>=14.14'}
    dependencies:
      graceful-fs: 4.2.11
      jsonfile: 6.1.0
      universalify: 2.0.0
    dev: false

  /graceful-fs@4.2.11:
    resolution: {integrity: sha512-RbJ5/jmFcNNCcDV5o9eTnBLJ/HszWV0P73bc+Ff4nS/rJj+YaS6IGyiOL0VoBYX+l1Wrl3k63h/KrH+nhJ0XvQ==}
    dev: false

  /ignore@5.2.4:
    resolution: {integrity: sha512-MAb38BcSbH0eHNBxn7ql2NH/kX33OkB3lZ1BNdh7ENeRChHTYsTvWrMubiIAMNS2llXEEgZ1MUOBtXChP3kaFQ==}
    engines: {node: '>= 4'}
    dev: false

  /is-fullwidth-code-point@3.0.0:
    resolution: {integrity: sha512-zymm5+u+sCsSWyD9qNaejV3DFvhCKclKdizYaJUuHA83RLjb7nSuGnddCHGv0hk+KY7BMAlsWeK4Ueg6EV6XQg==}
    engines: {node: '>=8'}
    dev: false

  /json-schema-traverse@1.0.0:
    resolution: {integrity: sha512-NM8/P9n3XjXhIZn1lLhkFaACTOURQXjWhV4BA/RnOv8xvgqtqpAX9IO4mRQxSx1Rlo4tqzeqb0sOlruaOy3dug==}
    dev: false

  /jsonfile@6.1.0:
    resolution: {integrity: sha512-5dgndWOriYSm5cnYaJNhalLNDKOqFwyDB/rr1E9ZsGciGvKPs8R2xYGCacuf3z6K1YKDz182fd+fY3cn3pMqXQ==}
    dependencies:
      universalify: 2.0.0
    optionalDependencies:
      graceful-fs: 4.2.11
    dev: false

  /jsonschema@1.4.1:
    resolution: {integrity: sha512-S6cATIPVv1z0IlxdN+zUk5EPjkGCdnhN4wVSBlvoUO1tOLJootbo9CquNJmbIh4yikWHiUedhRYrNPn1arpEmQ==}
    dev: false

  /lodash.truncate@4.4.2:
    resolution: {integrity: sha512-jttmRe7bRse52OsWIMDLaXxWqRAmtIUccAQ3garviCqJjafXOfNMO0yMfNpdD6zbGaTU0P5Nz7e7gAT6cKmJRw==}
    dev: false

  /lru-cache@6.0.0:
    resolution: {integrity: sha512-Jo6dJ04CmSjuznwJSS3pUeWmd/H0ffTlkXXgwZi+eq1UCmqQwCh+eLsYOYCwY991i2Fah4h1BEMCx4qThGbsiA==}
    engines: {node: '>=10'}
    dependencies:
      yallist: 4.0.0
    dev: false

  /minimatch@3.1.2:
    resolution: {integrity: sha512-J7p63hRiAjw1NDEww1W7i37+ByIrOWO5XQQAzZ3VOcL0PNybwpfmV/N05zFAzwQ9USyEcX6t3UO+K5aqBQOIHw==}
    dependencies:
      brace-expansion: 1.1.11
    dev: false

  /punycode@2.3.0:
    resolution: {integrity: sha512-rRV+zQD8tVFys26lAGR9WUuS4iUAngJScM+ZRSKtvl5tKeZ2t5bvdNFdNHBW9FWR4guGHlgmsZ1G7BSm2wTbuA==}
    engines: {node: '>=6'}
    dev: false

  /require-from-string@2.0.2:
    resolution: {integrity: sha512-Xf0nWe6RseziFMu+Ap9biiUbmplq6S9/p+7w7YXP/JBHhrUDDUhwa+vANyubuqfZWTveU//DYVGsDG7RKL/vEw==}
    engines: {node: '>=0.10.0'}
    dev: false

  /semver@7.5.4:
    resolution: {integrity: sha512-1bCSESV6Pv+i21Hvpxp3Dx+pSD8lIPt8uVjRrxAUt/nbswYc+tK6Y2btiULjd4+fnq15PX+nqQDC7Oft7WkwcA==}
    engines: {node: '>=10'}
    hasBin: true
    dependencies:
      lru-cache: 6.0.0
    dev: false

  /slice-ansi@4.0.0:
    resolution: {integrity: sha512-qMCMfhY040cVHT43K9BFygqYbUPFZKHOg7K73mtTWJRb8pyP3fzf4Ixd5SzdEJQ6MRUg/WBnOLxghZtKKurENQ==}
    engines: {node: '>=10'}
    dependencies:
      ansi-styles: 4.3.0
      astral-regex: 2.0.0
      is-fullwidth-code-point: 3.0.0
    dev: false

  /string-width@4.2.3:
    resolution: {integrity: sha512-wKyQRQpjJ0sIp62ErSZdGsjMJWsap5oRNihHhu6G7JVO/9jIB6UyevL+tXuOqrng8j/cxKTWyWUwvSTriiZz/g==}
    engines: {node: '>=8'}
    dependencies:
      emoji-regex: 8.0.0
      is-fullwidth-code-point: 3.0.0
      strip-ansi: 6.0.1
    dev: false

  /strip-ansi@6.0.1:
    resolution: {integrity: sha512-Y38VPSHcqkFrCpFnQ9vuSXmquuv5oXOKpGeT6aGrr3o3Gc9AlVa6JBfUSOCnbxGGZF+/0ooI7KrPuUSztUdU5A==}
    engines: {node: '>=8'}
    dependencies:
      ansi-regex: 5.0.1
    dev: false

  /strnum@1.0.5:
    resolution: {integrity: sha512-J8bbNyKKXl5qYcR36TIO8W3mVGVHrmmxsd5PAItGkmyzwJvybiw2IVq5nqd0i4LSNSkB/sx9VHllbfFdr9k1JA==}
    dev: false

  /table@6.8.1:
    resolution: {integrity: sha512-Y4X9zqrCftUhMeH2EptSSERdVKt/nEdijTOacGD/97EKjhQ/Qs8RTlEGABSJNNN8lac9kheH+af7yAkEWlgneA==}
    engines: {node: '>=10.0.0'}
    dependencies:
      ajv: 8.12.0
      lodash.truncate: 4.4.2
      slice-ansi: 4.0.0
      string-width: 4.2.3
      strip-ansi: 6.0.1
    dev: false

  /tslib@1.14.1:
    resolution: {integrity: sha512-Xni35NKzjgMrwevysHTCArtLDpPvye8zV/0E4EyYn43P7/7qvQwPh9BGkHewbMulVntbigmcT7rdX3BNo9wRJg==}
    dev: false

  /tslib@2.6.2:
    resolution: {integrity: sha512-AEYxH93jGFPn/a2iVAwW87VuUIkR1FVUKB77NwMF7nBTDkDrrT/Hpt/IrCJ0QXhW27jTBDcf5ZY7w6RiqTMw2Q==}
    dev: false

  /typescript@5.1.6:
    resolution: {integrity: sha512-zaWCozRZ6DLEWAWFrVDz1H6FVXzUSfTy5FUMWsQlU8Ym5JP9eO4xkTIROFCQvhQf61z6O/G6ugw3SgAnvvm+HA==}
    engines: {node: '>=14.17'}
    hasBin: true
    dev: false

  /universalify@2.0.0:
    resolution: {integrity: sha512-hAZsKq7Yy11Zu1DE0OzWjw7nnLZmJZYTDZZyEFHZdUhV8FkH5MCfoU1XMaxXovpyW5nq5scPqq0ZDP9Zyl04oQ==}
    engines: {node: '>= 10.0.0'}
    dev: false

  /uri-js@4.4.1:
    resolution: {integrity: sha512-7rKUyy33Q1yc98pQ1DAmLtwX109F7TIfWlW1Ydo8Wl1ii1SeHieeh0HHfPeL2fMXK6z0s8ecKs9frCuLJvndBg==}
    dependencies:
      punycode: 2.3.0
    dev: false

  /uuid@8.3.2:
    resolution: {integrity: sha512-+NYs2QeMWy+GWFOEm9xnn6HCDp0l7QBD7ml8zLUmJ+93Q5NF0NocErnwkTkXVFNiX3/fpC6afS8Dhb/gz7R7eg==}
    hasBin: true
    dev: false

  /yallist@4.0.0:
    resolution: {integrity: sha512-3wdGidZyq5PB084XLES5TpOSRA3wjXAlIWMhum2kRcv/41Sn2emQ0dycQW4uZXLejwKvg6EsvbdlVL+FYEct7A==}
    dev: false

  /yaml@1.10.2:
    resolution: {integrity: sha512-r3vXyErRCYJ7wg28yvBY5VSoAF8ZvlcW9/BwUzEtUsjvX/DKs24dIkuwjtuprwJJHsbyUbLApepYTR1BN4uHrg==}
    engines: {node: '>= 6'}
    dev: false
