lockfileVersion: '6.0'

settings:
  autoInstallPeers: true
  excludeLinksFromLockfile: false

dependencies:
  aws-cdk-lib:
    specifier: ^2.88.0
    version: 2.88.0(constructs@10.2.69)
  typescript:
    specifier: ^5.1.6
    version: 5.1.6

packages:

  /@aws-cdk/asset-awscli-v1@2.2.200:
    resolution: {integrity: sha512-Kf5J8DfJK4wZFWT2Myca0lhwke7LwHcHBo+4TvWOGJrFVVKVuuiLCkzPPRBQQVDj0Vtn2NBokZAz8pfMpAqAKg==}
    dev: false

  /@aws-cdk/asset-kubectl-v20@2.1.2:
    resolution: {integrity: sha512-3M2tELJOxQv0apCIiuKQ4pAbncz9GuLwnKFqxifWfe77wuMxyTRPmxssYHs42ePqzap1LT6GDcPygGs+hHstLg==}
    dev: false

  /@aws-cdk/asset-node-proxy-agent-v5@2.0.166:
    resolution: {integrity: sha512-j0xnccpUQHXJKPgCwQcGGNu4lRiC1PptYfdxBIH1L4dRK91iBxtSQHESRQX+yB47oGLaF/WfNN/aF3WXwlhikg==}
    dev: false

  /aws-cdk-lib@2.88.0(constructs@10.2.69):
    resolution: {integrity: sha512-bmhokh30HVeqlotWaoEmK7mKB9SJbJwpbsiVgmYe3JcMu8DposHQqaIPI7LnC+dg015tZaxUsExxOYBEw+vntQ==}
    engines: {node: '>= 14.15.0'}
    peerDependencies:
      constructs: ^10.0.0
    dependencies:
      '@aws-cdk/asset-awscli-v1': 2.2.200
      '@aws-cdk/asset-kubectl-v20': 2.1.2
      '@aws-cdk/asset-node-proxy-agent-v5': 2.0.166
      constructs: 10.2.69
    dev: false
    bundledDependencies:
      - '@balena/dockerignore'
      - case
      - fs-extra
      - ignore
      - jsonschema
      - minimatch
      - punycode
      - semver
      - table
      - yaml

  /constructs@10.2.69:
    resolution: {integrity: sha512-0AiM/uQe5Uk6JVe/62oolmSN2MjbFQkOlYrM3fFGZLKuT+g7xlAI10EebFhyCcZwI2JAcWuWCmmCAyCothxjuw==}
    engines: {node: '>= 16.14.0'}
    dev: false

  /typescript@5.1.6:
    resolution: {integrity: sha512-zaWCozRZ6DLEWAWFrVDz1H6FVXzUSfTy5FUMWsQlU8Ym5JP9eO4xkTIROFCQvhQf61z6O/G6ugw3SgAnvvm+HA==}
    engines: {node: '>=14.17'}
    hasBin: true
    dev: false
